
Microsoft Visual Studio Solution File, Format Version 12.00
# Visual Studio Version 17
VisualStudioVersion = 17.5.33424.131
MinimumVisualStudioVersion = 10.0.40219.1
Project("{9A19103F-16F7-4668-BE54-9A1E7A4F7556}") = "EsdAcl_New", "EsdAcl_New.csproj", "{7B08CB5F-9FD7-4B37-AD2A-10899FB34C52}"
EndProject
Project("{9A19103F-16F7-4668-BE54-9A1E7A4F7556}") = "EsdAcl_API", "..\EsdAcl_API\EsdAcl_API.csproj", "{28D28EFF-E441-47AE-8329-6DDE5EA83C1F}"
EndProject
Global
	GlobalSection(SolutionConfigurationPlatforms) = preSolution
		Debug|Any CPU = Debug|Any CPU
		Release|Any CPU = Release|Any CPU
	EndGlobalSection
	GlobalSection(ProjectConfigurationPlatforms) = postSolution
		{7B08CB5F-9FD7-4B37-AD2A-10899FB34C52}.Debug|Any CPU.ActiveCfg = Debug|Any CPU
		{7B08CB5F-9FD7-4B37-AD2A-10899FB34C52}.Debug|Any CPU.Build.0 = Debug|Any CPU
		{7B08CB5F-9FD7-4B37-AD2A-10899FB34C52}.Release|Any CPU.ActiveCfg = Release|Any CPU
		{7B08CB5F-9FD7-4B37-AD2A-10899FB34C52}.Release|Any CPU.Build.0 = Release|Any CPU
		{28D28EFF-E441-47AE-8329-6DDE5EA83C1F}.Debug|Any CPU.ActiveCfg = Debug|Any CPU
		{28D28EFF-E441-47AE-8329-6DDE5EA83C1F}.Debug|Any CPU.Build.0 = Debug|Any CPU
		{28D28EFF-E441-47AE-8329-6DDE5EA83C1F}.Release|Any CPU.ActiveCfg = Release|Any CPU
		{28D28EFF-E441-47AE-8329-6DDE5EA83C1F}.Release|Any CPU.Build.0 = Release|Any CPU
	EndGlobalSection
	GlobalSection(SolutionProperties) = preSolution
		HideSolutionNode = FALSE
	EndGlobalSection
	GlobalSection(ExtensibilityGlobals) = postSolution
		SolutionGuid = {44F00FB9-835A-40A5-9DB2-49BEDA13C589}
	EndGlobalSection
EndGlobal
